
Microsoft Visual Studio Solution File, Format Version 12.00
# Visual Studio Version 16
VisualStudioVersion = 16.0.30804.86
MinimumVisualStudioVersion = 10.0.40219.1
Project("{FAE04EC0-301F-11D3-BF4B-00C04F79EFBC}") = "FERPRACTICAR", "FERPRACTICAR\FERPRACTICAR.csproj", "{59658E04-4FBA-4304-BDE6-86395F2F2D6F}"
EndProject
Global
	GlobalSection(SolutionConfigurationPlatforms) = preSolution
		Debug|Any CPU = Debug|Any CPU
		Release|Any CPU = Release|Any CPU
	EndGlobalSection
	GlobalSection(ProjectConfigurationPlatforms) = postSolution
		{59658E04-4FBA-4304-BDE6-86395F2F2D6F}.Debug|Any CPU.ActiveCfg = Debug|Any CPU
		{59658E04-4FBA-4304-BDE6-86395F2F2D6F}.Debug|Any CPU.Build.0 = Debug|Any CPU
		{59658E04-4FBA-4304-BDE6-86395F2F2D6F}.Release|Any CPU.ActiveCfg = Release|Any CPU
		{59658E04-4FBA-4304-BDE6-86395F2F2D6F}.Release|Any CPU.Build.0 = Release|Any CPU
	EndGlobalSection
	GlobalSection(SolutionProperties) = preSolution
		HideSolutionNode = FALSE
	EndGlobalSection
	GlobalSection(ExtensibilityGlobals) = postSolution
		SolutionGuid = {465D94F5-2D9C-41C6-B2DC-CCD8080C4947}
	EndGlobalSection
EndGlobal
